
Microsoft Visual Studio Solution File, Format Version 12.00
# Visual Studio Version 16
VisualStudioVersion = 16.0.31313.79
MinimumVisualStudioVersion = 10.0.40219.1
Project("{FAE04EC0-301F-11D3-BF4B-00C04F79EFBC}") = "IShop", "IShop.csproj", "{CCA9FBA5-C5B3-405D-8ED5-D716D34A5C5C}"
EndProject
Global
	GlobalSection(SolutionConfigurationPlatforms) = preSolution
		Debug|Any CPU = Debug|Any CPU
		Release|Any CPU = Release|Any CPU
	EndGlobalSection
	GlobalSection(ProjectConfigurationPlatforms) = postSolution
		{CCA9FBA5-C5B3-405D-8ED5-D716D34A5C5C}.Debug|Any CPU.ActiveCfg = Debug|Any CPU
		{CCA9FBA5-C5B3-405D-8ED5-D716D34A5C5C}.Debug|Any CPU.Build.0 = Debug|Any CPU
		{CCA9FBA5-C5B3-405D-8ED5-D716D34A5C5C}.Release|Any CPU.ActiveCfg = Release|Any CPU
		{CCA9FBA5-C5B3-405D-8ED5-D716D34A5C5C}.Release|Any CPU.Build.0 = Release|Any CPU
	EndGlobalSection
	GlobalSection(SolutionProperties) = preSolution
		HideSolutionNode = FALSE
	EndGlobalSection
	GlobalSection(ExtensibilityGlobals) = postSolution
		SolutionGuid = {7418479D-1507-46EC-9CA7-662D4BFCBDD0}
	EndGlobalSection
EndGlobal
